// !$*UTF8*$!
{
	archiveVersion = 1;
	classes = {
	};
	objectVersion = 46;
	objects = {

/* Begin PBXBuildFile section */
		55227E7F1F6585740031D4F4 /* VIL_MenuProfileTableViewCell.swift in Sources */ = {isa = PBXBuildFile; fileRef = 55227E7E1F6585740031D4F4 /* VIL_MenuProfileTableViewCell.swift */; };
		553713AE1F608CFB00E67BC9 /* VIL_LoginTableViewCell.swift in Sources */ = {isa = PBXBuildFile; fileRef = 553713AD1F608CFB00E67BC9 /* VIL_LoginTableViewCell.swift */; };
		553713B01F60A9A300E67BC9 /* VIU_Activity.swift in Sources */ = {isa = PBXBuildFile; fileRef = 553713AF1F60A9A300E67BC9 /* VIU_Activity.swift */; };
		554840FF1F68470000EF4D18 /* Player.storyboard in Resources */ = {isa = PBXBuildFile; fileRef = 554840FE1F68470000EF4D18 /* Player.storyboard */; };
		554841011F6848BF00EF4D18 /* VIP_StreamListTableViewController.swift in Sources */ = {isa = PBXBuildFile; fileRef = 554841001F6848BF00EF4D18 /* VIP_StreamListTableViewController.swift */; };
		554841031F68491200EF4D18 /* VIP_StreamListTableViewCell.swift in Sources */ = {isa = PBXBuildFile; fileRef = 554841021F68491200EF4D18 /* VIP_StreamListTableViewCell.swift */; };
		55724B9C1F631D7C00BCE6EE /* VIL_MenuNavController.swift in Sources */ = {isa = PBXBuildFile; fileRef = 55724B9B1F631D7C00BCE6EE /* VIL_MenuNavController.swift */; };
		55724B9E1F631E6D00BCE6EE /* VIL_MenuTableViewController.swift in Sources */ = {isa = PBXBuildFile; fileRef = 55724B9D1F631E6D00BCE6EE /* VIL_MenuTableViewController.swift */; };
		55724BA01F631F6A00BCE6EE /* VIL_MenuOrgTableViewController.swift in Sources */ = {isa = PBXBuildFile; fileRef = 55724B9F1F631F6A00BCE6EE /* VIL_MenuOrgTableViewController.swift */; };
		55D6D8DB1F6E62E100BDD2BC /* VIP_StreamListSmallTableViewCell.swift in Sources */ = {isa = PBXBuildFile; fileRef = 55D6D8DA1F6E62E100BDD2BC /* VIP_StreamListSmallTableViewCell.swift */; };
		55D6D8DD1F6E6DCD00BDD2BC /* VIE_ThumbType.swift in Sources */ = {isa = PBXBuildFile; fileRef = 55D6D8DC1F6E6DCD00BDD2BC /* VIE_ThumbType.swift */; };
		55D6D8DF1F6E8B4700BDD2BC /* VIP_PlayerViewController.swift in Sources */ = {isa = PBXBuildFile; fileRef = 55D6D8DE1F6E8B4700BDD2BC /* VIP_PlayerViewController.swift */; };
		55E0197C1F6AE0DB008CB754 /* VIE_StreamState.swift in Sources */ = {isa = PBXBuildFile; fileRef = 55E0197B1F6AE0DB008CB754 /* VIE_StreamState.swift */; };
		871422381F693F2100968F17 /* VIM_Stream.swift in Sources */ = {isa = PBXBuildFile; fileRef = 871422371F693F2100968F17 /* VIM_Stream.swift */; };
		8714223A1F6942A000968F17 /* VIM_StreamList.swift in Sources */ = {isa = PBXBuildFile; fileRef = 871422391F6942A000968F17 /* VIM_StreamList.swift */; };
		8740CD391F60215200BABC8C /* AppDelegate.swift in Sources */ = {isa = PBXBuildFile; fileRef = 8740CD381F60215200BABC8C /* AppDelegate.swift */; };
		8740CD3E1F60215300BABC8C /* Main.storyboard in Resources */ = {isa = PBXBuildFile; fileRef = 8740CD3C1F60215300BABC8C /* Main.storyboard */; };
		8740CD401F60215300BABC8C /* Assets.xcassets in Resources */ = {isa = PBXBuildFile; fileRef = 8740CD3F1F60215300BABC8C /* Assets.xcassets */; };
		8740CD431F60215300BABC8C /* LaunchScreen.storyboard in Resources */ = {isa = PBXBuildFile; fileRef = 8740CD411F60215300BABC8C /* LaunchScreen.storyboard */; };
		8740CD4F1F60252A00BABC8C /* VIL_RootViewController.swift in Sources */ = {isa = PBXBuildFile; fileRef = 8740CD4E1F60252A00BABC8C /* VIL_RootViewController.swift */; };
		8740CD511F60255000BABC8C /* VIL_LoginViewController.swift in Sources */ = {isa = PBXBuildFile; fileRef = 8740CD501F60255000BABC8C /* VIL_LoginViewController.swift */; };
		8740CD541F60263500BABC8C /* WowzaGoCoderSDK.framework in Frameworks */ = {isa = PBXBuildFile; fileRef = 8740CD4C1F60246A00BABC8C /* WowzaGoCoderSDK.framework */; };
		8740CD551F60263500BABC8C /* WowzaGoCoderSDK.framework in Embed Frameworks */ = {isa = PBXBuildFile; fileRef = 8740CD4C1F60246A00BABC8C /* WowzaGoCoderSDK.framework */; settings = {ATTRIBUTES = (CodeSignOnCopy, RemoveHeadersOnCopy, ); }; };
		8740CD5B1F60285200BABC8C /* VIU_Color.swift in Sources */ = {isa = PBXBuildFile; fileRef = 8740CD5A1F60285200BABC8C /* VIU_Color.swift */; };
		8740CD5D1F60287900BABC8C /* VIU_Request.swift in Sources */ = {isa = PBXBuildFile; fileRef = 8740CD5C1F60287900BABC8C /* VIU_Request.swift */; };
		8740CD5F1F6028B900BABC8C /* VIM_DesignData.swift in Sources */ = {isa = PBXBuildFile; fileRef = 8740CD5E1F6028B900BABC8C /* VIM_DesignData.swift */; };
		8740CD611F6028CE00BABC8C /* VIM_UserData.swift in Sources */ = {isa = PBXBuildFile; fileRef = 8740CD601F6028CE00BABC8C /* VIM_UserData.swift */; };
		8740CD631F6028E100BABC8C /* VIM_AuthData.swift in Sources */ = {isa = PBXBuildFile; fileRef = 8740CD621F6028E100BABC8C /* VIM_AuthData.swift */; };
		8740CD671F60386A00BABC8C /* Stream.storyboard in Resources */ = {isa = PBXBuildFile; fileRef = 8740CD661F60386A00BABC8C /* Stream.storyboard */; };
		8740CD691F6038BE00BABC8C /* VIS_StreamViewController.swift in Sources */ = {isa = PBXBuildFile; fileRef = 8740CD681F6038BE00BABC8C /* VIS_StreamViewController.swift */; };
		8740CD6B1F6047EB00BABC8C /* VIM_Profile.swift in Sources */ = {isa = PBXBuildFile; fileRef = 8740CD6A1F6047EB00BABC8C /* VIM_Profile.swift */; };
		87CC33E51F66A6F3002EF2BD /* VIL_MenuProfileViewController.swift in Sources */ = {isa = PBXBuildFile; fileRef = 87CC33E41F66A6F3002EF2BD /* VIL_MenuProfileViewController.swift */; };
		87E197D61F6FE1E300F32D0F /* VIU_String.swift in Sources */ = {isa = PBXBuildFile; fileRef = 87E197D51F6FE1E300F32D0F /* VIU_String.swift */; };
		87EDD1221F6BE41C00957675 /* VIM_ImageData.swift in Sources */ = {isa = PBXBuildFile; fileRef = 87EDD1211F6BE41C00957675 /* VIM_ImageData.swift */; };
		87EDD1241F6BE83B00957675 /* VIM_StorageImage.swift in Sources */ = {isa = PBXBuildFile; fileRef = 87EDD1231F6BE83B00957675 /* VIM_StorageImage.swift */; };
		87EDD1261F6C1A8100957675 /* VIU_UI.swift in Sources */ = {isa = PBXBuildFile; fileRef = 87EDD1251F6C1A8100957675 /* VIU_UI.swift */; };
		87FBC6961F62D14800F479FD /* VIM_Org.swift in Sources */ = {isa = PBXBuildFile; fileRef = 87FBC6951F62D14800F479FD /* VIM_Org.swift */; };
/* End PBXBuildFile section */

/* Begin PBXCopyFilesBuildPhase section */
		8740CD561F60263500BABC8C /* Embed Frameworks */ = {
			isa = PBXCopyFilesBuildPhase;
			buildActionMask = 2147483647;
			dstPath = "";
			dstSubfolderSpec = 10;
			files = (
				8740CD551F60263500BABC8C /* WowzaGoCoderSDK.framework in Embed Frameworks */,
			);
			name = "Embed Frameworks";
			runOnlyForDeploymentPostprocessing = 0;
		};
/* End PBXCopyFilesBuildPhase section */

/* Begin PBXFileReference section */
		55227E7E1F6585740031D4F4 /* VIL_MenuProfileTableViewCell.swift */ = {isa = PBXFileReference; fileEncoding = 4; lastKnownFileType = sourcecode.swift; path = VIL_MenuProfileTableViewCell.swift; sourceTree = "<group>"; };
		553713AD1F608CFB00E67BC9 /* VIL_LoginTableViewCell.swift */ = {isa = PBXFileReference; fileEncoding = 4; lastKnownFileType = sourcecode.swift; path = VIL_LoginTableViewCell.swift; sourceTree = "<group>"; };
		553713AF1F60A9A300E67BC9 /* VIU_Activity.swift */ = {isa = PBXFileReference; fileEncoding = 4; lastKnownFileType = sourcecode.swift; path = VIU_Activity.swift; sourceTree = "<group>"; };
		554840FE1F68470000EF4D18 /* Player.storyboard */ = {isa = PBXFileReference; fileEncoding = 4; lastKnownFileType = file.storyboard; path = Player.storyboard; sourceTree = "<group>"; };
		554841001F6848BF00EF4D18 /* VIP_StreamListTableViewController.swift */ = {isa = PBXFileReference; fileEncoding = 4; lastKnownFileType = sourcecode.swift; path = VIP_StreamListTableViewController.swift; sourceTree = "<group>"; };
		554841021F68491200EF4D18 /* VIP_StreamListTableViewCell.swift */ = {isa = PBXFileReference; fileEncoding = 4; lastKnownFileType = sourcecode.swift; path = VIP_StreamListTableViewCell.swift; sourceTree = "<group>"; };
		55724B9B1F631D7C00BCE6EE /* VIL_MenuNavController.swift */ = {isa = PBXFileReference; fileEncoding = 4; lastKnownFileType = sourcecode.swift; path = VIL_MenuNavController.swift; sourceTree = "<group>"; };
		55724B9D1F631E6D00BCE6EE /* VIL_MenuTableViewController.swift */ = {isa = PBXFileReference; fileEncoding = 4; lastKnownFileType = sourcecode.swift; path = VIL_MenuTableViewController.swift; sourceTree = "<group>"; };
		55724B9F1F631F6A00BCE6EE /* VIL_MenuOrgTableViewController.swift */ = {isa = PBXFileReference; fileEncoding = 4; lastKnownFileType = sourcecode.swift; path = VIL_MenuOrgTableViewController.swift; sourceTree = "<group>"; };
		55D6D8DA1F6E62E100BDD2BC /* VIP_StreamListSmallTableViewCell.swift */ = {isa = PBXFileReference; fileEncoding = 4; lastKnownFileType = sourcecode.swift; path = VIP_StreamListSmallTableViewCell.swift; sourceTree = "<group>"; };
		55D6D8DC1F6E6DCD00BDD2BC /* VIE_ThumbType.swift */ = {isa = PBXFileReference; fileEncoding = 4; lastKnownFileType = sourcecode.swift; path = VIE_ThumbType.swift; sourceTree = "<group>"; };
		55D6D8DE1F6E8B4700BDD2BC /* VIP_PlayerViewController.swift */ = {isa = PBXFileReference; fileEncoding = 4; lastKnownFileType = sourcecode.swift; path = VIP_PlayerViewController.swift; sourceTree = "<group>"; };
		55E0197B1F6AE0DB008CB754 /* VIE_StreamState.swift */ = {isa = PBXFileReference; fileEncoding = 4; lastKnownFileType = sourcecode.swift; path = VIE_StreamState.swift; sourceTree = "<group>"; };
		871422371F693F2100968F17 /* VIM_Stream.swift */ = {isa = PBXFileReference; fileEncoding = 4; lastKnownFileType = sourcecode.swift; path = VIM_Stream.swift; sourceTree = "<group>"; };
		871422391F6942A000968F17 /* VIM_StreamList.swift */ = {isa = PBXFileReference; fileEncoding = 4; lastKnownFileType = sourcecode.swift; path = VIM_StreamList.swift; sourceTree = "<group>"; };
		8740CD351F60215200BABC8C /* vvp.app */ = {isa = PBXFileReference; explicitFileType = wrapper.application; includeInIndex = 0; path = vvp.app; sourceTree = BUILT_PRODUCTS_DIR; };
		8740CD381F60215200BABC8C /* AppDelegate.swift */ = {isa = PBXFileReference; lastKnownFileType = sourcecode.swift; path = AppDelegate.swift; sourceTree = "<group>"; };
		8740CD3D1F60215300BABC8C /* Base */ = {isa = PBXFileReference; lastKnownFileType = file.storyboard; name = Base; path = Base.lproj/Main.storyboard; sourceTree = "<group>"; };
		8740CD3F1F60215300BABC8C /* Assets.xcassets */ = {isa = PBXFileReference; lastKnownFileType = folder.assetcatalog; path = Assets.xcassets; sourceTree = "<group>"; };
		8740CD421F60215300BABC8C /* Base */ = {isa = PBXFileReference; lastKnownFileType = file.storyboard; name = Base; path = Base.lproj/LaunchScreen.storyboard; sourceTree = "<group>"; };
		8740CD441F60215300BABC8C /* Info.plist */ = {isa = PBXFileReference; lastKnownFileType = text.plist.xml; path = Info.plist; sourceTree = "<group>"; };
		8740CD4C1F60246A00BABC8C /* WowzaGoCoderSDK.framework */ = {isa = PBXFileReference; lastKnownFileType = wrapper.framework; path = WowzaGoCoderSDK.framework; sourceTree = "<group>"; };
		8740CD4E1F60252A00BABC8C /* VIL_RootViewController.swift */ = {isa = PBXFileReference; fileEncoding = 4; lastKnownFileType = sourcecode.swift; path = VIL_RootViewController.swift; sourceTree = "<group>"; };
		8740CD501F60255000BABC8C /* VIL_LoginViewController.swift */ = {isa = PBXFileReference; fileEncoding = 4; lastKnownFileType = sourcecode.swift; path = VIL_LoginViewController.swift; sourceTree = "<group>"; };
		8740CD5A1F60285200BABC8C /* VIU_Color.swift */ = {isa = PBXFileReference; fileEncoding = 4; lastKnownFileType = sourcecode.swift; path = VIU_Color.swift; sourceTree = "<group>"; };
		8740CD5C1F60287900BABC8C /* VIU_Request.swift */ = {isa = PBXFileReference; fileEncoding = 4; lastKnownFileType = sourcecode.swift; path = VIU_Request.swift; sourceTree = "<group>"; };
		8740CD5E1F6028B900BABC8C /* VIM_DesignData.swift */ = {isa = PBXFileReference; fileEncoding = 4; lastKnownFileType = sourcecode.swift; path = VIM_DesignData.swift; sourceTree = "<group>"; };
		8740CD601F6028CE00BABC8C /* VIM_UserData.swift */ = {isa = PBXFileReference; fileEncoding = 4; lastKnownFileType = sourcecode.swift; path = VIM_UserData.swift; sourceTree = "<group>"; };
		8740CD621F6028E100BABC8C /* VIM_AuthData.swift */ = {isa = PBXFileReference; fileEncoding = 4; lastKnownFileType = sourcecode.swift; path = VIM_AuthData.swift; sourceTree = "<group>"; };
		8740CD661F60386A00BABC8C /* Stream.storyboard */ = {isa = PBXFileReference; fileEncoding = 4; lastKnownFileType = file.storyboard; path = Stream.storyboard; sourceTree = "<group>"; };
		8740CD681F6038BE00BABC8C /* VIS_StreamViewController.swift */ = {isa = PBXFileReference; fileEncoding = 4; lastKnownFileType = sourcecode.swift; path = VIS_StreamViewController.swift; sourceTree = "<group>"; };
		8740CD6A1F6047EB00BABC8C /* VIM_Profile.swift */ = {isa = PBXFileReference; fileEncoding = 4; lastKnownFileType = sourcecode.swift; path = VIM_Profile.swift; sourceTree = "<group>"; };
		87CC33E41F66A6F3002EF2BD /* VIL_MenuProfileViewController.swift */ = {isa = PBXFileReference; fileEncoding = 4; lastKnownFileType = sourcecode.swift; path = VIL_MenuProfileViewController.swift; sourceTree = "<group>"; };
		87E197D51F6FE1E300F32D0F /* VIU_String.swift */ = {isa = PBXFileReference; fileEncoding = 4; lastKnownFileType = sourcecode.swift; path = VIU_String.swift; sourceTree = "<group>"; };
		87EDD1211F6BE41C00957675 /* VIM_ImageData.swift */ = {isa = PBXFileReference; fileEncoding = 4; lastKnownFileType = sourcecode.swift; path = VIM_ImageData.swift; sourceTree = "<group>"; };
		87EDD1231F6BE83B00957675 /* VIM_StorageImage.swift */ = {isa = PBXFileReference; fileEncoding = 4; lastKnownFileType = sourcecode.swift; path = VIM_StorageImage.swift; sourceTree = "<group>"; };
		87EDD1251F6C1A8100957675 /* VIU_UI.swift */ = {isa = PBXFileReference; fileEncoding = 4; lastKnownFileType = sourcecode.swift; path = VIU_UI.swift; sourceTree = "<group>"; };
		87FBC6951F62D14800F479FD /* VIM_Org.swift */ = {isa = PBXFileReference; fileEncoding = 4; lastKnownFileType = sourcecode.swift; path = VIM_Org.swift; sourceTree = "<group>"; };
/* End PBXFileReference section */

/* Begin PBXFrameworksBuildPhase section */
		8740CD321F60215200BABC8C /* Frameworks */ = {
			isa = PBXFrameworksBuildPhase;
			buildActionMask = 2147483647;
			files = (
				8740CD541F60263500BABC8C /* WowzaGoCoderSDK.framework in Frameworks */,
			);
			runOnlyForDeploymentPostprocessing = 0;
		};
/* End PBXFrameworksBuildPhase section */

/* Begin PBXGroup section */
		8740CD2C1F60215100BABC8C = {
			isa = PBXGroup;
			children = (
				8740CD371F60215200BABC8C /* vvp */,
				8740CD361F60215200BABC8C /* Products */,
			);
			sourceTree = "<group>";
		};
		8740CD361F60215200BABC8C /* Products */ = {
			isa = PBXGroup;
			children = (
				8740CD351F60215200BABC8C /* vvp.app */,
			);
			name = Products;
			sourceTree = "<group>";
		};
		8740CD371F60215200BABC8C /* vvp */ = {
			isa = PBXGroup;
			children = (
				8740CD4A1F60217500BABC8C /* Wowza */,
				8740CD581F6027D100BABC8C /* Util (VIU) */,
				8740CD571F6027B200BABC8C /* Model (VIM) */,
				8740CD3F1F60215300BABC8C /* Assets.xcassets */,
				8740CD4B1F6021AD00BABC8C /* VIL (Main, Login, Launch) */,
				8740CD641F6037B400BABC8C /* VIP (Player, Viewer) */,
				8740CD651F6037D100BABC8C /* VIS (Streamer) */,
				8740CD441F60215300BABC8C /* Info.plist */,
			);
			path = vvp;
			sourceTree = "<group>";
		};
		8740CD4A1F60217500BABC8C /* Wowza */ = {
			isa = PBXGroup;
			children = (
				8740CD4C1F60246A00BABC8C /* WowzaGoCoderSDK.framework */,
			);
			name = Wowza;
			sourceTree = "<group>";
		};
		8740CD4B1F6021AD00BABC8C /* VIL (Main, Login, Launch) */ = {
			isa = PBXGroup;
			children = (
				8740CD381F60215200BABC8C /* AppDelegate.swift */,
				8740CD411F60215300BABC8C /* LaunchScreen.storyboard */,
				8740CD3C1F60215300BABC8C /* Main.storyboard */,
				8740CD4E1F60252A00BABC8C /* VIL_RootViewController.swift */,
				8740CD501F60255000BABC8C /* VIL_LoginViewController.swift */,
				553713AD1F608CFB00E67BC9 /* VIL_LoginTableViewCell.swift */,
				55724B9B1F631D7C00BCE6EE /* VIL_MenuNavController.swift */,
				55724B9D1F631E6D00BCE6EE /* VIL_MenuTableViewController.swift */,
				55227E7E1F6585740031D4F4 /* VIL_MenuProfileTableViewCell.swift */,
				55724B9F1F631F6A00BCE6EE /* VIL_MenuOrgTableViewController.swift */,
				87CC33E41F66A6F3002EF2BD /* VIL_MenuProfileViewController.swift */,
			);
			name = "VIL (Main, Login, Launch)";
			sourceTree = "<group>";
		};
		8740CD571F6027B200BABC8C /* Model (VIM) */ = {
			isa = PBXGroup;
			children = (
				8740CD591F6027E700BABC8C /* Enum (VIE) */,
				8740CD5E1F6028B900BABC8C /* VIM_DesignData.swift */,
				8740CD601F6028CE00BABC8C /* VIM_UserData.swift */,
				8740CD621F6028E100BABC8C /* VIM_AuthData.swift */,
				87EDD1211F6BE41C00957675 /* VIM_ImageData.swift */,
				87EDD1231F6BE83B00957675 /* VIM_StorageImage.swift */,
				8740CD6A1F6047EB00BABC8C /* VIM_Profile.swift */,
				87FBC6951F62D14800F479FD /* VIM_Org.swift */,
				871422391F6942A000968F17 /* VIM_StreamList.swift */,
				871422371F693F2100968F17 /* VIM_Stream.swift */,
			);
			name = "Model (VIM)";
			sourceTree = "<group>";
		};
		8740CD581F6027D100BABC8C /* Util (VIU) */ = {
			isa = PBXGroup;
			children = (
				8740CD5C1F60287900BABC8C /* VIU_Request.swift */,
				553713AF1F60A9A300E67BC9 /* VIU_Activity.swift */,
				87EDD1251F6C1A8100957675 /* VIU_UI.swift */,
				8740CD5A1F60285200BABC8C /* VIU_Color.swift */,
				87E197D51F6FE1E300F32D0F /* VIU_String.swift */,
			);
			name = "Util (VIU)";
			sourceTree = "<group>";
		};
		8740CD591F6027E700BABC8C /* Enum (VIE) */ = {
			isa = PBXGroup;
			children = (
				55E0197B1F6AE0DB008CB754 /* VIE_StreamState.swift */,
				55D6D8DC1F6E6DCD00BDD2BC /* VIE_ThumbType.swift */,
			);
			name = "Enum (VIE)";
			sourceTree = "<group>";
		};
		8740CD641F6037B400BABC8C /* VIP (Player, Viewer) */ = {
			isa = PBXGroup;
			children = (
				554840FE1F68470000EF4D18 /* Player.storyboard */,
				554841001F6848BF00EF4D18 /* VIP_StreamListTableViewController.swift */,
				554841021F68491200EF4D18 /* VIP_StreamListTableViewCell.swift */,
				55D6D8DA1F6E62E100BDD2BC /* VIP_StreamListSmallTableViewCell.swift */,
				55D6D8DE1F6E8B4700BDD2BC /* VIP_PlayerViewController.swift */,
			);
			name = "VIP (Player, Viewer)";
			sourceTree = "<group>";
		};
		8740CD651F6037D100BABC8C /* VIS (Streamer) */ = {
			isa = PBXGroup;
			children = (
				8740CD661F60386A00BABC8C /* Stream.storyboard */,
				8740CD681F6038BE00BABC8C /* VIS_StreamViewController.swift */,
			);
			name = "VIS (Streamer)";
			sourceTree = "<group>";
		};
/* End PBXGroup section */

/* Begin PBXNativeTarget section */
		8740CD341F60215200BABC8C /* vvp */ = {
			isa = PBXNativeTarget;
			buildConfigurationList = 8740CD471F60215300BABC8C /* Build configuration list for PBXNativeTarget "vvp" */;
			buildPhases = (
				8740CD311F60215200BABC8C /* Sources */,
				8740CD321F60215200BABC8C /* Frameworks */,
				8740CD331F60215200BABC8C /* Resources */,
				8740CD561F60263500BABC8C /* Embed Frameworks */,
			);
			buildRules = (
			);
			dependencies = (
			);
			name = vvp;
			productName = vvp;
			productReference = 8740CD351F60215200BABC8C /* vvp.app */;
			productType = "com.apple.product-type.application";
		};
/* End PBXNativeTarget section */

/* Begin PBXProject section */
		8740CD2D1F60215100BABC8C /* Project object */ = {
			isa = PBXProject;
			attributes = {
				LastSwiftUpdateCheck = 0830;
				LastUpgradeCheck = 0830;
				ORGANIZATIONNAME = "Virtual Video Pass";
				TargetAttributes = {
					8740CD341F60215200BABC8C = {
						CreatedOnToolsVersion = 8.3.3;
						DevelopmentTeam = TQZN9PYRPG;
						ProvisioningStyle = Automatic;
					};
				};
			};
			buildConfigurationList = 8740CD301F60215100BABC8C /* Build configuration list for PBXProject "vvp" */;
			compatibilityVersion = "Xcode 3.2";
			developmentRegion = English;
			hasScannedForEncodings = 0;
			knownRegions = (
				en,
				Base,
			);
			mainGroup = 8740CD2C1F60215100BABC8C;
			productRefGroup = 8740CD361F60215200BABC8C /* Products */;
			projectDirPath = "";
			projectRoot = "";
			targets = (
				8740CD341F60215200BABC8C /* vvp */,
			);
		};
/* End PBXProject section */

/* Begin PBXResourcesBuildPhase section */
		8740CD331F60215200BABC8C /* Resources */ = {
			isa = PBXResourcesBuildPhase;
			buildActionMask = 2147483647;
			files = (
				8740CD671F60386A00BABC8C /* Stream.storyboard in Resources */,
				8740CD431F60215300BABC8C /* LaunchScreen.storyboard in Resources */,
				554840FF1F68470000EF4D18 /* Player.storyboard in Resources */,
				8740CD401F60215300BABC8C /* Assets.xcassets in Resources */,
				8740CD3E1F60215300BABC8C /* Main.storyboard in Resources */,
			);
			runOnlyForDeploymentPostprocessing = 0;
		};
/* End PBXResourcesBuildPhase section */

/* Begin PBXSourcesBuildPhase section */
		8740CD311F60215200BABC8C /* Sources */ = {
			isa = PBXSourcesBuildPhase;
			buildActionMask = 2147483647;
			files = (
				553713B01F60A9A300E67BC9 /* VIU_Activity.swift in Sources */,
				8740CD6B1F6047EB00BABC8C /* VIM_Profile.swift in Sources */,
				55D6D8DF1F6E8B4700BDD2BC /* VIP_PlayerViewController.swift in Sources */,
				8740CD5B1F60285200BABC8C /* VIU_Color.swift in Sources */,
				55D6D8DD1F6E6DCD00BDD2BC /* VIE_ThumbType.swift in Sources */,
				8740CD611F6028CE00BABC8C /* VIM_UserData.swift in Sources */,
				87EDD1261F6C1A8100957675 /* VIU_UI.swift in Sources */,
				55D6D8DB1F6E62E100BDD2BC /* VIP_StreamListSmallTableViewCell.swift in Sources */,
				8740CD4F1F60252A00BABC8C /* VIL_RootViewController.swift in Sources */,
				8740CD691F6038BE00BABC8C /* VIS_StreamViewController.swift in Sources */,
				8714223A1F6942A000968F17 /* VIM_StreamList.swift in Sources */,
				553713AE1F608CFB00E67BC9 /* VIL_LoginTableViewCell.swift in Sources */,
				554841031F68491200EF4D18 /* VIP_StreamListTableViewCell.swift in Sources */,
				55724BA01F631F6A00BCE6EE /* VIL_MenuOrgTableViewController.swift in Sources */,
				87EDD1241F6BE83B00957675 /* VIM_StorageImage.swift in Sources */,
				87E197D61F6FE1E300F32D0F /* VIU_String.swift in Sources */,
				8740CD5F1F6028B900BABC8C /* VIM_DesignData.swift in Sources */,
				8740CD5D1F60287900BABC8C /* VIU_Request.swift in Sources */,
				87FBC6961F62D14800F479FD /* VIM_Org.swift in Sources */,
				87CC33E51F66A6F3002EF2BD /* VIL_MenuProfileViewController.swift in Sources */,
				87EDD1221F6BE41C00957675 /* VIM_ImageData.swift in Sources */,
				8740CD631F6028E100BABC8C /* VIM_AuthData.swift in Sources */,
				55724B9E1F631E6D00BCE6EE /* VIL_MenuTableViewController.swift in Sources */,
				8740CD391F60215200BABC8C /* AppDelegate.swift in Sources */,
				55724B9C1F631D7C00BCE6EE /* VIL_MenuNavController.swift in Sources */,
				55227E7F1F6585740031D4F4 /* VIL_MenuProfileTableViewCell.swift in Sources */,
				8740CD511F60255000BABC8C /* VIL_LoginViewController.swift in Sources */,
				871422381F693F2100968F17 /* VIM_Stream.swift in Sources */,
				55E0197C1F6AE0DB008CB754 /* VIE_StreamState.swift in Sources */,
				554841011F6848BF00EF4D18 /* VIP_StreamListTableViewController.swift in Sources */,
			);
			runOnlyForDeploymentPostprocessing = 0;
		};
/* End PBXSourcesBuildPhase section */

/* Begin PBXVariantGroup section */
		8740CD3C1F60215300BABC8C /* Main.storyboard */ = {
			isa = PBXVariantGroup;
			children = (
				8740CD3D1F60215300BABC8C /* Base */,
			);
			name = Main.storyboard;
			sourceTree = "<group>";
		};
		8740CD411F60215300BABC8C /* LaunchScreen.storyboard */ = {
			isa = PBXVariantGroup;
			children = (
				8740CD421F60215300BABC8C /* Base */,
			);
			name = LaunchScreen.storyboard;
			sourceTree = "<group>";
		};
/* End PBXVariantGroup section */

/* Begin XCBuildConfiguration section */
		8740CD451F60215300BABC8C /* Debug */ = {
			isa = XCBuildConfiguration;
			buildSettings = {
				ALWAYS_SEARCH_USER_PATHS = NO;
				CLANG_ANALYZER_NONNULL = YES;
				CLANG_ANALYZER_NUMBER_OBJECT_CONVERSION = YES_AGGRESSIVE;
				CLANG_CXX_LANGUAGE_STANDARD = "gnu++0x";
				CLANG_CXX_LIBRARY = "libc++";
				CLANG_ENABLE_MODULES = YES;
				CLANG_ENABLE_OBJC_ARC = YES;
				CLANG_WARN_BOOL_CONVERSION = YES;
				CLANG_WARN_CONSTANT_CONVERSION = YES;
				CLANG_WARN_DIRECT_OBJC_ISA_USAGE = YES_ERROR;
				CLANG_WARN_DOCUMENTATION_COMMENTS = YES;
				CLANG_WARN_EMPTY_BODY = YES;
				CLANG_WARN_ENUM_CONVERSION = YES;
				CLANG_WARN_INFINITE_RECURSION = YES;
				CLANG_WARN_INT_CONVERSION = YES;
				CLANG_WARN_OBJC_ROOT_CLASS = YES_ERROR;
				CLANG_WARN_SUSPICIOUS_MOVE = YES;
				CLANG_WARN_UNREACHABLE_CODE = YES;
				CLANG_WARN__DUPLICATE_METHOD_MATCH = YES;
				"CODE_SIGN_IDENTITY[sdk=iphoneos*]" = "iPhone Developer";
				COPY_PHASE_STRIP = NO;
				DEBUG_INFORMATION_FORMAT = dwarf;
				ENABLE_STRICT_OBJC_MSGSEND = YES;
				ENABLE_TESTABILITY = YES;
				GCC_C_LANGUAGE_STANDARD = gnu99;
				GCC_DYNAMIC_NO_PIC = NO;
				GCC_NO_COMMON_BLOCKS = YES;
				GCC_OPTIMIZATION_LEVEL = 0;
				GCC_PREPROCESSOR_DEFINITIONS = (
					"DEBUG=1",
					"$(inherited)",
				);
				GCC_WARN_64_TO_32_BIT_CONVERSION = YES;
				GCC_WARN_ABOUT_RETURN_TYPE = YES_ERROR;
				GCC_WARN_UNDECLARED_SELECTOR = YES;
				GCC_WARN_UNINITIALIZED_AUTOS = YES_AGGRESSIVE;
				GCC_WARN_UNUSED_FUNCTION = YES;
				GCC_WARN_UNUSED_VARIABLE = YES;
				IPHONEOS_DEPLOYMENT_TARGET = 9.0;
				MTL_ENABLE_DEBUG_INFO = YES;
				ONLY_ACTIVE_ARCH = YES;
				SDKROOT = iphoneos;
				SWIFT_ACTIVE_COMPILATION_CONDITIONS = DEBUG;
				SWIFT_OPTIMIZATION_LEVEL = "-Onone";
				TARGETED_DEVICE_FAMILY = "1,2";
			};
			name = Debug;
		};
		8740CD461F60215300BABC8C /* Release */ = {
			isa = XCBuildConfiguration;
			buildSettings = {
				ALWAYS_SEARCH_USER_PATHS = NO;
				CLANG_ANALYZER_NONNULL = YES;
				CLANG_ANALYZER_NUMBER_OBJECT_CONVERSION = YES_AGGRESSIVE;
				CLANG_CXX_LANGUAGE_STANDARD = "gnu++0x";
				CLANG_CXX_LIBRARY = "libc++";
				CLANG_ENABLE_MODULES = YES;
				CLANG_ENABLE_OBJC_ARC = YES;
				CLANG_WARN_BOOL_CONVERSION = YES;
				CLANG_WARN_CONSTANT_CONVERSION = YES;
				CLANG_WARN_DIRECT_OBJC_ISA_USAGE = YES_ERROR;
				CLANG_WARN_DOCUMENTATION_COMMENTS = YES;
				CLANG_WARN_EMPTY_BODY = YES;
				CLANG_WARN_ENUM_CONVERSION = YES;
				CLANG_WARN_INFINITE_RECURSION = YES;
				CLANG_WARN_INT_CONVERSION = YES;
				CLANG_WARN_OBJC_ROOT_CLASS = YES_ERROR;
				CLANG_WARN_SUSPICIOUS_MOVE = YES;
				CLANG_WARN_UNREACHABLE_CODE = YES;
				CLANG_WARN__DUPLICATE_METHOD_MATCH = YES;
				"CODE_SIGN_IDENTITY[sdk=iphoneos*]" = "iPhone Developer";
				COPY_PHASE_STRIP = NO;
				DEBUG_INFORMATION_FORMAT = "dwarf-with-dsym";
				ENABLE_NS_ASSERTIONS = NO;
				ENABLE_STRICT_OBJC_MSGSEND = YES;
				GCC_C_LANGUAGE_STANDARD = gnu99;
				GCC_NO_COMMON_BLOCKS = YES;
				GCC_WARN_64_TO_32_BIT_CONVERSION = YES;
				GCC_WARN_ABOUT_RETURN_TYPE = YES_ERROR;
				GCC_WARN_UNDECLARED_SELECTOR = YES;
				GCC_WARN_UNINITIALIZED_AUTOS = YES_AGGRESSIVE;
				GCC_WARN_UNUSED_FUNCTION = YES;
				GCC_WARN_UNUSED_VARIABLE = YES;
				IPHONEOS_DEPLOYMENT_TARGET = 9.0;
				MTL_ENABLE_DEBUG_INFO = NO;
				SDKROOT = iphoneos;
				SWIFT_OPTIMIZATION_LEVEL = "-Owholemodule";
				TARGETED_DEVICE_FAMILY = "1,2";
				VALIDATE_PRODUCT = YES;
			};
			name = Release;
		};
		8740CD481F60215300BABC8C /* Debug */ = {
			isa = XCBuildConfiguration;
			buildSettings = {
				ASSETCATALOG_COMPILER_APPICON_NAME = AppIcon;
				DEVELOPMENT_TEAM = TQZN9PYRPG;
				FRAMEWORK_SEARCH_PATHS = (
					"$(inherited)",
					"$(PROJECT_DIR)/vvp",
				);
				INFOPLIST_FILE = vvp/Info.plist;
				LD_RUNPATH_SEARCH_PATHS = "$(inherited) @executable_path/Frameworks";
				PRODUCT_BUNDLE_IDENTIFIER = com.virtualvideopass.vvp;
				PRODUCT_NAME = "$(TARGET_NAME)";
				SWIFT_VERSION = 3.0;
			};
			name = Debug;
		};
		8740CD491F60215300BABC8C /* Release */ = {
			isa = XCBuildConfiguration;
			buildSettings = {
				ASSETCATALOG_COMPILER_APPICON_NAME = AppIcon;
				DEVELOPMENT_TEAM = TQZN9PYRPG;
				FRAMEWORK_SEARCH_PATHS = (
					"$(inherited)",
					"$(PROJECT_DIR)/vvp",
				);
				INFOPLIST_FILE = vvp/Info.plist;
				LD_RUNPATH_SEARCH_PATHS = "$(inherited) @executable_path/Frameworks";
				PRODUCT_BUNDLE_IDENTIFIER = com.virtualvideopass.vvp;
				PRODUCT_NAME = "$(TARGET_NAME)";
				SWIFT_VERSION = 3.0;
			};
			name = Release;
		};
/* End XCBuildConfiguration section */

/* Begin XCConfigurationList section */
		8740CD301F60215100BABC8C /* Build configuration list for PBXProject "vvp" */ = {
			isa = XCConfigurationList;
			buildConfigurations = (
				8740CD451F60215300BABC8C /* Debug */,
				8740CD461F60215300BABC8C /* Release */,
			);
			defaultConfigurationIsVisible = 0;
			defaultConfigurationName = Release;
		};
		8740CD471F60215300BABC8C /* Build configuration list for PBXNativeTarget "vvp" */ = {
			isa = XCConfigurationList;
			buildConfigurations = (
				8740CD481F60215300BABC8C /* Debug */,
				8740CD491F60215300BABC8C /* Release */,
			);
			defaultConfigurationIsVisible = 0;
			defaultConfigurationName = Release;
		};
/* End XCConfigurationList section */
	};
	rootObject = 8740CD2D1F60215100BABC8C /* Project object */;
}
